{
  "projects": [
    {
      "projectId": "bJSLnzQiU882Sm76eQ6ECs",
      "version": "latest",
      "dependencies": {},
      "lang": "ts",
      "fileLocks": [
        {
          "type": "globalVariant",
          "assetId": "1SaP-NpO7oxt",
          "checksum": "f86406dc804d683c7e8de8c95f91e24e"
        },
        {
          "type": "renderModule",
          "assetId": "g2haT3nDznE1",
          "checksum": "239760f3c22530578af4b099f8d7c0d3"
        },
        {
          "type": "cssRules",
          "assetId": "g2haT3nDznE1",
          "checksum": "239760f3c22530578af4b099f8d7c0d3"
        },
        {
          "type": "renderModule",
          "assetId": "VEazoruVyc",
          "checksum": "f30572ac480344edf83cbd9c3217c8eb"
        },
        {
          "type": "cssRules",
          "assetId": "VEazoruVyc",
          "checksum": "f30572ac480344edf83cbd9c3217c8eb"
        },
        {
          "type": "renderModule",
          "assetId": "P0m14OaWFw",
          "checksum": "6d19404a14b94c287ac20ecf3c65fb78"
        },
        {
          "type": "cssRules",
          "assetId": "P0m14OaWFw",
          "checksum": "6d19404a14b94c287ac20ecf3c65fb78"
        },
        {
          "type": "renderModule",
          "assetId": "o5fKIqH7Zk",
          "checksum": "4940e55de2b7e8683e6e0b3b6164b0c2"
        },
        {
          "type": "cssRules",
          "assetId": "o5fKIqH7Zk",
          "checksum": "4940e55de2b7e8683e6e0b3b6164b0c2"
        },
        {
          "type": "renderModule",
          "assetId": "zmCiX1XW8I",
          "checksum": "da00cbb497723ff6624090f17a3bfb36"
        },
        {
          "type": "cssRules",
          "assetId": "zmCiX1XW8I",
          "checksum": "da00cbb497723ff6624090f17a3bfb36"
        },
        {
          "type": "renderModule",
          "assetId": "0gPS1xrMsR",
          "checksum": "2a43f2bc34cff48b7994d8cad56d1bef"
        },
        {
          "type": "cssRules",
          "assetId": "0gPS1xrMsR",
          "checksum": "2a43f2bc34cff48b7994d8cad56d1bef"
        },
        {
          "type": "image",
          "assetId": "Q5fVRnO6k",
          "checksum": "ea5975a54849c3e45269b5e94c26dea8"
        },
        {
          "type": "renderModule",
          "assetId": "uLTPE-ZqPg",
          "checksum": "d919bfb5ab329b9582f01a921777e4f2"
        },
        {
          "type": "cssRules",
          "assetId": "uLTPE-ZqPg",
          "checksum": "d919bfb5ab329b9582f01a921777e4f2"
        },
        {
          "type": "image",
          "assetId": "b_bVZgNlP",
          "checksum": "19b78340ea618fa8ec03a2919f037f25"
        },
        {
          "type": "image",
          "assetId": "IdzSSLDJ3",
          "checksum": "d632c705a9855b9d85a9848c850c2aa5"
        },
        {
          "type": "image",
          "assetId": "dU0HW4EQc",
          "checksum": "d24447e0e3322bed71b03a7116749a18"
        },
        {
          "type": "image",
          "assetId": "zdYR-jmj7",
          "checksum": "138a588ee79efc359e4130d4987deacb"
        },
        {
          "type": "image",
          "assetId": "WGWVgktOU",
          "checksum": "4ef50aba5b1505b474dae82e517d7766"
        },
        {
          "type": "image",
          "assetId": "4Q2oFNvkb",
          "checksum": "f5b1c327221060f6266423f0cfc21048"
        },
        {
          "type": "renderModule",
          "assetId": "RJj2IYTf9q",
          "checksum": "1818105e77eeefcb15f535378ec7556f"
        },
        {
          "type": "cssRules",
          "assetId": "RJj2IYTf9q",
          "checksum": "1818105e77eeefcb15f535378ec7556f"
        },
        {
          "type": "image",
          "assetId": "ros164SCS",
          "checksum": "d0e9e58d9af92ac98530cfa2dca18946"
        },
        {
          "type": "renderModule",
          "assetId": "jwRy-bXo-6",
          "checksum": "1c076c2f4823dcc5ea5d272fafbd6602"
        },
        {
          "type": "cssRules",
          "assetId": "jwRy-bXo-6",
          "checksum": "1c076c2f4823dcc5ea5d272fafbd6602"
        },
        {
          "type": "renderModule",
          "assetId": "fREaV0xT9x",
          "checksum": "7f8c06554553106e17df80d3ea21f3c7"
        },
        {
          "type": "cssRules",
          "assetId": "fREaV0xT9x",
          "checksum": "7f8c06554553106e17df80d3ea21f3c7"
        },
        {
          "type": "image",
          "assetId": "ntex6e36_",
          "checksum": "69125e8cfbf4c9dcf7e887e261dfa8f0"
        },
        {
          "type": "renderModule",
          "assetId": "ZvwTqKv81q",
          "checksum": "c5a7e4aa7e8e1e532f55c7b1923eb72a"
        },
        {
          "type": "cssRules",
          "assetId": "ZvwTqKv81q",
          "checksum": "c5a7e4aa7e8e1e532f55c7b1923eb72a"
        },
        {
          "type": "image",
          "assetId": "eODeysK-_",
          "checksum": "0ebe613f4b8741d85dbffdf9b5ce475c"
        },
        {
          "type": "renderModule",
          "assetId": "LCMpUnBt5z",
          "checksum": "c8de5720cca47396cca4ff2003dec4ff"
        },
        {
          "type": "cssRules",
          "assetId": "LCMpUnBt5z",
          "checksum": "c8de5720cca47396cca4ff2003dec4ff"
        },
        {
          "type": "image",
          "assetId": "MpfjE2yMK",
          "checksum": "f659a1d794f1e84b8a1e8abf5c687b6a"
        },
        {
          "type": "image",
          "assetId": "uW_jrnz-4",
          "checksum": "b7f78b55062ecacf552cf4f27427a3b5"
        },
        {
          "assetId": "bJSLnzQiU882Sm76eQ6ECs",
          "type": "projectCss",
          "checksum": "70191585350072b4bd43e43da62be1c3"
        }
      ]
    }
  ],
  "cliVersion": "0.1.157"
}
